
Microsoft Visual Studio Solution File, Format Version 12.00
# Visual Studio Version 16
VisualStudioVersion = 16.0.808.3
MinimumVisualStudioVersion = 10.0.40219.1
Project("{FAE04EC0-301F-11D3-BF4B-00C04F79EFBC}") = "TestAngular", "TestAngular\TestAngular.csproj", "{064BCDEE-1C85-4275-AA6C-4FA2F5954638}"
EndProject
Global
	GlobalSection(SolutionConfigurationPlatforms) = preSolution
		Debug|Any CPU = Debug|Any CPU
		Release|Any CPU = Release|Any CPU
	EndGlobalSection
	GlobalSection(ProjectConfigurationPlatforms) = postSolution
		{064BCDEE-1C85-4275-AA6C-4FA2F5954638}.Debug|Any CPU.ActiveCfg = Debug|Any CPU
		{064BCDEE-1C85-4275-AA6C-4FA2F5954638}.Debug|Any CPU.Build.0 = Debug|Any CPU
		{064BCDEE-1C85-4275-AA6C-4FA2F5954638}.Release|Any CPU.ActiveCfg = Release|Any CPU
		{064BCDEE-1C85-4275-AA6C-4FA2F5954638}.Release|Any CPU.Build.0 = Release|Any CPU
	EndGlobalSection
	GlobalSection(SolutionProperties) = preSolution
		HideSolutionNode = FALSE
	EndGlobalSection
	GlobalSection(ExtensibilityGlobals) = postSolution
		SolutionGuid = {705618AC-92E8-4443-B3CD-3597D609012A}
	EndGlobalSection
EndGlobal
